<?xml version="1.0" encoding="UTF-8" standalone="yes" ?>
<CodeBlocks_project_file>
	<FileVersion major="1" minor="6" />
	<Project>
		<Option title="Alpha" />
		<Option pch_mode="2" />
		<Option compiler="gcc" />
		<Build>
			<Target title="Debug">
				<Option output="bin/Debug/Alpha" prefix_auto="1" extension_auto="1" />
				<Option object_output="obj/Debug/" />
				<Option type="1" />
				<Option compiler="gcc" />
				<Compiler>
					<Add option="-Wfatal-errors" />
					<Add option="-Wextra" />
					<Add option="-Wall" />
					<Add option="-g" />
				</Compiler>
				<Linker>
					<Add library="lib\debug\box2d_debug_dynamic\libBox2D.dll.a" />
					<Add library="lib\debug\json_debug_dynamic\libjsoncpp.dll.a" />
					<Add library="lib\debug\sfml_debug_dynamic\libsfml-audio-d.a" />
					<Add library="lib\debug\sfml_debug_dynamic\libsfml-graphics-d.a" />
					<Add library="lib\debug\sfml_debug_dynamic\libsfml-network-d.a" />
					<Add library="lib\debug\sfml_debug_dynamic\libsfml-system-d.a" />
					<Add library="lib\debug\sfml_debug_dynamic\libsfml-window-d.a" />
					<Add library="lib\debug\tgui_debug_dynamic\libtgui-d.a" />
				</Linker>
			</Target>
			<Target title="Release">
				<Option output="bin/Release/Alpha" prefix_auto="1" extension_auto="1" />
				<Option object_output="obj/Release/" />
				<Option type="1" />
				<Option compiler="gcc" />
				<Linker>
					<Add library="lib\release\box2d_release_dynamic\libBox2D.dll.a" />
					<Add library="lib\release\json_release_dynamic\libjsoncpp.dll.a" />
					<Add library="lib\release\sfml_release_dynamic\libsfml-audio.a" />
					<Add library="lib\release\sfml_release_dynamic\libsfml-graphics.a" />
					<Add library="lib\release\sfml_release_dynamic\libsfml-network.a" />
					<Add library="lib\release\sfml_release_dynamic\libsfml-system.a" />
					<Add library="lib\release\sfml_release_dynamic\libsfml-window.a" />
					<Add library="lib\release\tgui_release_dynamic\libtgui.a" />
				</Linker>
			</Target>
		</Build>
		<Compiler>
			<Add option="-std=c++11" />
			<Add option="-Wuninitialized" />
			<Add directory="include/API" />
			<Add directory="include/API/JSON" />
			<Add directory="include/Basic" />
			<Add directory="include/Control" />
			<Add directory="include/Game" />
			<Add directory="include/Graphics" />
			<Add directory="include/Gui" />
			<Add directory="include/Headers" />
			<Add directory="include/IO" />
			<Add directory="include/IO/Variable" />
			<Add directory="include/Physics" />
			<Add directory="include/Universe" />
			<Add directory="include/Universe/Chunk" />
			<Add directory="include/Universe/Module" />
			<Add directory="include/Universe/ModuleComponent" />
			<Add directory="include/Universe/Utility" />
			<Add directory="include/Universe/Weapon" />
			<Add directory="include/Graphics/Wrapper" />
			<Add directory="include/Graphics/Interface" />
			<Add directory="include/Graphics/Component" />
		</Compiler>
		<Unit filename="include/Basic/Attributes.hpp" />
		<Unit filename="include/Basic/ExtendedPacket.hpp" />
		<Unit filename="include/Basic/Filter.hpp" />
		<Unit filename="include/Basic/Link.hpp" />
		<Unit filename="include/Basic/StateGraph.hpp" />
		<Unit filename="include/Basic/StateNode.hpp" />
		<Unit filename="include/Basic/Timer.hpp" />
		<Unit filename="include/Control/Camera.hpp" />
		<Unit filename="include/Control/ControlManager.hpp" />
		<Unit filename="include/Control/Intelligence.hpp" />
		<Unit filename="include/Control/Player.hpp" />
		<Unit filename="include/Control/PlayerMode.hpp" />
		<Unit filename="include/Control/PlayerState.hpp" />
		<Unit filename="include/Game/Game.hpp" />
		<Unit filename="include/Graphics/AnimationController.hpp" />
		<Unit filename="include/Graphics/AnimationLooper.hpp" />
		<Unit filename="include/Graphics/AnimationSetting.hpp" />
		<Unit filename="include/Graphics/Component/GraphicsBase.hpp" />
		<Unit filename="include/Graphics/Component/GraphicsComponent.hpp" />
		<Unit filename="include/Graphics/Component/MultiTileMap.hpp" />
		<Unit filename="include/Graphics/Component/TriangleFan.hpp" />
		<Unit filename="include/Graphics/GraphicsLayer.hpp" />
		<Unit filename="include/Graphics/Interface/BaseGraphicsComponent.hpp" />
		<Unit filename="include/Graphics/Interface/GraphicsWrapperInterface.hpp" />
		<Unit filename="include/Graphics/Wrapper/Decoration.hpp" />
		<Unit filename="include/Graphics/Wrapper/Needle.hpp" />
		<Unit filename="include/Graphics/Wrapper/RadialMeter.hpp" />
		<Unit filename="include/Graphics/Wrapper/Spinner.hpp" />
		<Unit filename="include/Gui/Button.hpp" />
		<Unit filename="include/Gui/EditBox.hpp" />
		<Unit filename="include/Gui/OverlayManager.hpp" />
		<Unit filename="include/Gui/Panel.hpp" />
		<Unit filename="include/Gui/Picture.hpp" />
		<Unit filename="include/Gui/WidgetBase.hpp" />
		<Unit filename="include/Headers/ClassType.hpp" />
		<Unit filename="include/Headers/Convert.hpp" />
		<Unit filename="include/Headers/Defaults.hpp" />
		<Unit filename="include/Headers/Globals.hpp" />
		<Unit filename="include/Headers/Rotation.hpp" />
		<Unit filename="include/Headers/Sort.hpp" />
		<Unit filename="include/Headers/stdafx.hpp" />
		<Unit filename="include/IO/ActiveEventer.hpp" />
		<Unit filename="include/IO/Condition.hpp" />
		<Unit filename="include/IO/Courier.hpp" />
		<Unit filename="include/IO/EventNames.hpp" />
		<Unit filename="include/IO/IOBase.hpp" />
		<Unit filename="include/IO/IOComponent.hpp" />
		<Unit filename="include/IO/IOManager.hpp" />
		<Unit filename="include/IO/Package.hpp" />
		<Unit filename="include/IO/Variable/VariableNames.hpp" />
		<Unit filename="include/Physics/CollisionCategory.hpp" />
		<Unit filename="include/Physics/PhysicsBase.hpp" />
		<Unit filename="include/Physics/Shape.hpp" />
		<Unit filename="include/Universe/Chunk/Chunk.hpp" />
		<Unit filename="include/Universe/Chunk/Projectile.hpp" />
		<Unit filename="include/Universe/Chunk/Ship.hpp" />
		<Unit filename="include/Universe/ModuleComponent/CapacityChanger.hpp" />
		<Unit filename="include/Universe/Module/AmmoStorage.hpp" />
		<Unit filename="include/Universe/Module/Armor.hpp" />
		<Unit filename="include/Universe/Module/Capacitor.hpp" />
		<Unit filename="include/Universe/Module/ForceField.hpp" />
		<Unit filename="include/Universe/Module/ForceFieldCore.hpp" />
		<Unit filename="include/Universe/Module/GModule.hpp" />
		<Unit filename="include/Universe/Module/Hull.hpp" />
		<Unit filename="include/Universe/Module/Module.hpp" />
		<Unit filename="include/Universe/Module/Radar.hpp" />
		<Unit filename="include/Universe/Module/Reactor.hpp" />
		<Unit filename="include/Universe/Module/Thruster.hpp" />
		<Unit filename="include/Universe/Module/Trigger.hpp" />
		<Unit filename="include/Universe/Module/Turret.hpp" />
		<Unit filename="include/Universe/Universe.hpp" />
		<Unit filename="include/Universe/Utility/AnimationAllocator.hpp" />
		<Unit filename="include/Universe/Utility/BedFinder.hpp" />
		<Unit filename="include/Universe/Utility/DebugDraw.hpp" />
		<Unit filename="include/Universe/Utility/GraphicsComponentFactory.hpp" />
		<Unit filename="include/Universe/Utility/ProjectileAllocator.hpp" />
		<Unit filename="include/Universe/Utility/TextureAllocator.hpp" />
		<Unit filename="include/Universe/Utility/UniversalContactListener.hpp" />
		<Unit filename="include/Universe/Utility/UniversalQueryCallback.hpp" />
		<Unit filename="include/Universe/Weapon/AmmoContainer.hpp" />
		<Unit filename="include/Universe/Weapon/AmmoGroup.hpp" />
		<Unit filename="include/Universe/Weapon/AmmoType.hpp" />
		<Unit filename="include/Universe/Weapon/Magazine.hpp" />
		<Unit filename="include/Universe/Weapon/ProjectileBarrel.hpp" />
		<Unit filename="include/Universe/Weapon/Weapon.hpp" />
		<Unit filename="include/Universe/Weapon/WeaponBarrel.hpp" />
		<Unit filename="main.cpp" />
		<Unit filename="src/Basic/Attributes.cpp" />
		<Unit filename="src/Basic/ExtendedPacket.cpp" />
		<Unit filename="src/Basic/Filter.cpp" />
		<Unit filename="src/Basic/Link.cpp" />
		<Unit filename="src/Basic/StateGraph.cpp" />
		<Unit filename="src/Basic/StateNode.cpp" />
		<Unit filename="src/Basic/Timer.cpp" />
		<Unit filename="src/Control/Camera.cpp" />
		<Unit filename="src/Control/ControlManager.cpp" />
		<Unit filename="src/Control/Intelligence.cpp" />
		<Unit filename="src/Control/Player.cpp" />
		<Unit filename="src/Game/Game.cpp" />
		<Unit filename="src/Graphics/AnimationController.cpp" />
		<Unit filename="src/Graphics/AnimationLooper.cpp" />
		<Unit filename="src/Graphics/AnimationSetting.cpp" />
		<Unit filename="src/Graphics/Component/GraphicsBase.cpp" />
		<Unit filename="src/Graphics/Component/GraphicsComponent.cpp" />
		<Unit filename="src/Graphics/Component/MultiTileMap.cpp" />
		<Unit filename="src/Graphics/Component/TriangleFan.cpp" />
		<Unit filename="src/Graphics/Interface/BaseGraphicsComponent.cpp" />
		<Unit filename="src/Graphics/Interface/GraphicsWrapperInterface.cpp" />
		<Unit filename="src/Graphics/Wrapper/Decoration.cpp" />
		<Unit filename="src/Graphics/Wrapper/Needle.cpp" />
		<Unit filename="src/Graphics/Wrapper/RadialMeter.cpp" />
		<Unit filename="src/Graphics/Wrapper/Spinner.cpp" />
		<Unit filename="src/Gui/Button.cpp" />
		<Unit filename="src/Gui/EditBox.cpp" />
		<Unit filename="src/Gui/OverlayManager.cpp" />
		<Unit filename="src/Gui/Panel.cpp" />
		<Unit filename="src/Gui/Picture.cpp" />
		<Unit filename="src/Gui/WidgetBase.cpp" />
		<Unit filename="src/IO/ActiveEventer.cpp" />
		<Unit filename="src/IO/Condition.cpp" />
		<Unit filename="src/IO/IOBase.cpp" />
		<Unit filename="src/IO/IOComponent.cpp" />
		<Unit filename="src/IO/IOManager.cpp" />
		<Unit filename="src/IO/Package.cpp" />
		<Unit filename="src/Physics/PhysicsBase.cpp" />
		<Unit filename="src/Universe/Chunk/Chunk.cpp" />
		<Unit filename="src/Universe/Chunk/Projectile.cpp" />
		<Unit filename="src/Universe/Chunk/Ship.cpp" />
		<Unit filename="src/Universe/Module/AmmoStorage.cpp" />
		<Unit filename="src/Universe/Module/Armor.cpp" />
		<Unit filename="src/Universe/Module/Capacitor.cpp" />
		<Unit filename="src/Universe/Module/ForceField.cpp" />
		<Unit filename="src/Universe/Module/ForceFieldCore.cpp" />
		<Unit filename="src/Universe/Module/GModule.cpp" />
		<Unit filename="src/Universe/Module/Hull.cpp" />
		<Unit filename="src/Universe/Module/Module.cpp" />
		<Unit filename="src/Universe/Module/Radar.cpp" />
		<Unit filename="src/Universe/Module/Reactor.cpp" />
		<Unit filename="src/Universe/Module/Thruster.cpp" />
		<Unit filename="src/Universe/Module/Trigger.cpp" />
		<Unit filename="src/Universe/Module/Turret.cpp" />
		<Unit filename="src/Universe/Universe.cpp" />
		<Unit filename="src/Universe/Utility/AnimationAllocator.cpp" />
		<Unit filename="src/Universe/Utility/BedFinder.cpp" />
		<Unit filename="src/Universe/Utility/DebugDraw.cpp" />
		<Unit filename="src/Universe/Utility/GraphicsComponentFactory.cpp" />
		<Unit filename="src/Universe/Utility/ProjectileAllocator.cpp" />
		<Unit filename="src/Universe/Utility/TextureAllocator.cpp" />
		<Unit filename="src/Universe/Utility/UniversalContactListener.cpp" />
		<Unit filename="src/Universe/Utility/UniversalQueryCallback.cpp" />
		<Unit filename="src/Universe/Weapon/AmmoContainer.cpp" />
		<Unit filename="src/Universe/Weapon/AmmoGroup.cpp" />
		<Unit filename="src/Universe/Weapon/Magazine.cpp" />
		<Unit filename="src/Universe/Weapon/ProjectileBarrel.cpp" />
		<Unit filename="src/Universe/Weapon/Weapon.cpp" />
		<Unit filename="src/Universe/Weapon/WeaponBarrel.cpp" />
		<Extensions>
			<code_completion />
			<envvars />
			<debugger />
			<lib_finder disable_auto="1" />
		</Extensions>
	</Project>
</CodeBlocks_project_file>
